
Microsoft Visual Studio Solution File, Format Version 12.00
# Visual Studio Version 17
VisualStudioVersion = 17.11.35208.52
MinimumVisualStudioVersion = 10.0.40219.1
Project("{FAE04EC0-301F-11D3-BF4B-00C04F79EFBC}") = "Ejercicio 3", "Ejercicio 3.csproj", "{08F65EDD-BD1E-4007-8B5B-0D155827EFDD}"
EndProject
Global
	GlobalSection(SolutionConfigurationPlatforms) = preSolution
		Debug|Any CPU = Debug|Any CPU
		Release|Any CPU = Release|Any CPU
	EndGlobalSection
	GlobalSection(ProjectConfigurationPlatforms) = postSolution
		{08F65EDD-BD1E-4007-8B5B-0D155827EFDD}.Debug|Any CPU.ActiveCfg = Debug|Any CPU
		{08F65EDD-BD1E-4007-8B5B-0D155827EFDD}.Debug|Any CPU.Build.0 = Debug|Any CPU
		{08F65EDD-BD1E-4007-8B5B-0D155827EFDD}.Release|Any CPU.ActiveCfg = Release|Any CPU
		{08F65EDD-BD1E-4007-8B5B-0D155827EFDD}.Release|Any CPU.Build.0 = Release|Any CPU
	EndGlobalSection
	GlobalSection(SolutionProperties) = preSolution
		HideSolutionNode = FALSE
	EndGlobalSection
	GlobalSection(ExtensibilityGlobals) = postSolution
		SolutionGuid = {7F38A0C3-5B91-4272-B07B-DBDE6EDA2EF2}
	EndGlobalSection
EndGlobal
